PODS:
  - Alamofire (5.0.2)
  - AMWaveTransition (0.6.2)
  - AppAuth (1.3.0):
    - AppAuth/Core (= 1.3.0)
    - AppAuth/ExternalUserAgent (= 1.3.0)
  - AppAuth/Core (1.3.0)
  - AppAuth/ExternalUserAgent (1.3.0)
  - Cache (5.2.0)
  - EmptyDataSet-Swift (5.0.0)
  - Firebase (3.2.1):
    - Firebase/Core (= 3.2.1)
  - Firebase/Analytics (3.2.1):
    - FirebaseAnalytics (= 3.2.0)
  - Firebase/Auth (3.2.1):
    - Firebase/Analytics (= 3.2.1)
    - FirebaseAuth (= 3.0.2)
  - Firebase/Core (3.2.1):
    - Firebase/Analytics (= 3.2.1)
  - Firebase/Database (3.2.1):
    - Firebase/Analytics (= 3.2.1)
    - FirebaseDatabase (= 3.0.1)
  - Firebase/Invites (3.2.1):
    - Firebase/Analytics (= 3.2.1)
    - FirebaseInvites (= 1.0.4)
  - Firebase/Storage (3.2.1):
    - Firebase/Analytics (= 3.2.1)
    - FirebaseStorage (= 1.0.1)
  - FirebaseAnalytics (3.2.0):
    - FirebaseInstanceID (~> 1.0)
    - GoogleInterchangeUtilities (~> 1.2)
    - GoogleSymbolUtilities (~> 1.1)
    - GoogleUtilities (~> 1.3)
  - FirebaseAuth (3.0.2):
    - FirebaseAnalytics (~> 3.2)
    - GoogleNetworkingUtilities (~> 1.2)
    - GoogleUtilities (~> 1.3)
  - FirebaseCore (3.6.0):
    - "GoogleToolboxForMac/NSData+zlib (~> 2.1)"
  - FirebaseDatabase (3.0.1):
    - FirebaseAnalytics (~> 3.2)
  - FirebaseDynamicLinks (1.1.0):
    - FirebaseAnalytics (~> 3.2)
  - FirebaseInstanceID (1.0.10):
    - FirebaseCore (~> 3.6)
  - FirebaseInvites (1.0.4):
    - FirebaseAnalytics (~> 3.2)
    - FirebaseDynamicLinks (~> 1.0)
  - FirebaseStorage (1.0.1):
    - FirebaseAnalytics (~> 3.2)
    - GoogleNetworkingUtilities (~> 1.2)
  - GoogleInterchangeUtilities (1.2.2):
    - GoogleSymbolUtilities (~> 1.1)
  - GoogleNetworkingUtilities (1.2.2):
    - GoogleSymbolUtilities (~> 1.1)
  - GoogleSignIn (5.0.2):
    - AppAuth (~> 1.2)
    - GTMAppAuth (~> 1.0)
    - GTMSessionFetcher/Core (~> 1.1)
  - GoogleSymbolUtilities (1.1.2)
  - GoogleToolboxForMac/Defines (2.2.2)
  - "GoogleToolboxForMac/NSData+zlib (2.2.2)":
    - GoogleToolboxForMac/Defines (= 2.2.2)
  - GoogleUtilities (1.3.2):
    - GoogleSymbolUtilities (~> 1.1)
  - GTMAppAuth (1.0.0):
    - AppAuth/Core (~> 1.0)
    - GTMSessionFetcher (~> 1.1)
  - GTMSessionFetcher (1.3.1):
    - GTMSessionFetcher/Full (= 1.3.1)
  - GTMSessionFetcher/Core (1.3.1)
  - GTMSessionFetcher/Full (1.3.1):
    - GTMSessionFetcher/Core (= 1.3.1)
  - iCarousel (1.8.3)
  - IQKeyboardManagerSwift (6.5.5)
  - JSQMessagesViewController (7.3.5):
    - JSQSystemSoundPlayer (~> 2.0.1)
  - JSQSystemSoundPlayer (2.0.1)
  - KYDrawerController (2.1.0)
  - LiquidFloatingActionButton (2.0.0)
  - MarqueeLabel/Swift (3.2.1)
  - NVActivityIndicatorView (4.8.0):
    - NVActivityIndicatorView/Presenter (= 4.8.0)
  - NVActivityIndicatorView/Presenter (4.8.0)
  - RAMAnimatedTabBarController (2.0.13)
  - SCLAlertView (0.8)
  - Shimmer (1.0.2)
  - SimpleAnimation (0.4.2)
  - SnapKit (5.0.1)
  - SwiftyJSON (5.0.0)

DEPENDENCIES:
  - Alamofire
  - AMWaveTransition
  - Cache
  - EmptyDataSet-Swift
  - Firebase
  - Firebase/Auth
  - Firebase/Core
  - Firebase/Database
  - Firebase/Invites
  - Firebase/Storage
  - GoogleSignIn
  - iCarousel
  - IQKeyboardManagerSwift
  - JSQMessagesViewController
  - KYDrawerController
  - LiquidFloatingActionButton (from `https://github.com/alexsanderkhitev/LiquidFloatingActionButton.git`)
  - MarqueeLabel/Swift (~> 3.2)
  - NVActivityIndicatorView
  - RAMAnimatedTabBarController (~> 2.0.13)
  - SCLAlertView
  - Shimmer
  - SimpleAnimation (~> 0.3)
  - SnapKit
  - SwiftyJSON

SPEC REPOS:
  trunk:
    - Alamofire
    - AMWaveTransition
    - AppAuth
    - Cache
    - EmptyDataSet-Swift
    - Firebase
    - FirebaseAnalytics
    - FirebaseAuth
    - FirebaseCore
    - FirebaseDatabase
    - FirebaseDynamicLinks
    - FirebaseInstanceID
    - FirebaseInvites
    - FirebaseStorage
    - GoogleInterchangeUtilities
    - GoogleNetworkingUtilities
    - GoogleSignIn
    - GoogleSymbolUtilities
    - GoogleToolboxForMac
    - GoogleUtilities
    - GTMAppAuth
    - GTMSessionFetcher
    - iCarousel
    - IQKeyboardManagerSwift
    - JSQMessagesViewController
    - JSQSystemSoundPlayer
    - KYDrawerController
    - MarqueeLabel
    - NVActivityIndicatorView
    - RAMAnimatedTabBarController
    - SCLAlertView
    - Shimmer
    - SimpleAnimation
    - SnapKit
    - SwiftyJSON

EXTERNAL SOURCES:
  LiquidFloatingActionButton:
    :git: https://github.com/alexsanderkhitev/LiquidFloatingActionButton.git

CHECKOUT OPTIONS:
  LiquidFloatingActionButton:
    :commit: 7acc6dee04da3ee00ff881309bd64763b216f0e6
    :git: https://github.com/alexsanderkhitev/LiquidFloatingActionButton.git

SPEC CHECKSUMS:
  Alamofire: 3ba7a4db18b4f62c4a1c0e1cb39d7f3d52e10ada
  AMWaveTransition: 98952310574779e4ca7e7f4d89f8b1043cdad171
  AppAuth: 73574f3013a1e65b9601a3ddc8b3158cce68c09d
  Cache: 807c5d86d01a177f06ede9865add3aea269bbfd4
  EmptyDataSet-Swift: eb382c0c87a2d9c678077385a595cec52da38171
  Firebase: 6c80ac28d59d06bfd9152a7b6ea17625ca93183d
  FirebaseAnalytics: 6f75b04e6bfb8e0b6e9ef298e04c24eea3b13863
  FirebaseAuth: 94b851fc345ce98036dfedfdc2eddeaef8fa3b4c
  FirebaseCore: 9691ee2ade70c098d7cf92440f4303f16d83ca75
  FirebaseDatabase: 34301d11621a83546f39f670d256477ba6f7fcea
  FirebaseDynamicLinks: bcf3c63482c1a120bbab65312e62573bb5a0d068
  FirebaseInstanceID: b9eedd6846fb5e1f0f7279e1deaa7a7e4cf8392e
  FirebaseInvites: 9786475c72152c1f95c36e7e243b7dca45d98279
  FirebaseStorage: e9c32a8d246c07eeefd78180c22736aa1b81e81b
  GoogleInterchangeUtilities: d5bc4d88d5b661ab72f9d70c58d02ca8c27ad1f7
  GoogleNetworkingUtilities: 3edd3a8161347494f2da60ea0deddc8a472d94cb
  GoogleSignIn: 7137d297ddc022a7e0aa4619c86d72c909fa7213
  GoogleSymbolUtilities: 631ee17048aa5e9ab133470d768ea997a5ef9b96
  GoogleToolboxForMac: 800648f8b3127618c1b59c7f97684427630c5ea3
  GoogleUtilities: 8bbc733218aad26306f9d4a253823986110e3358
  GTMAppAuth: 4deac854479704f348309e7b66189e604cf5e01e
  GTMSessionFetcher: cea130bbfe5a7edc8d06d3f0d17288c32ffe9925
  iCarousel: d782f635afac190c49bb8ee455882284cff8b85f
  IQKeyboardManagerSwift: 0fb93310284665245591f50f7a5e38de615960b7
  JSQMessagesViewController: 6587f56aedbcb150a8ba1d968e1ef58b1bc758b7
  JSQSystemSoundPlayer: c5850e77a4363ffd374cd851154b9af93264ed8d
  KYDrawerController: baad0e63b09c0cb564bd48f0f7f70f45d9176ebc
  LiquidFloatingActionButton: 61496c787627103ccb3a23d4dea71faef4a84d4d
  MarqueeLabel: 2daf039bf916937c8a4c9adfc13577cc5e51b4ce
  NVActivityIndicatorView: d24b7ebcf80af5dcd994adb650e2b6c93379270f
  RAMAnimatedTabBarController: 2510f3b66954c3f77ea1042a35d34df8f5f3b604
  SCLAlertView: 6a77bb2edfc65e04dbe57725546cb4107a506b85
  Shimmer: c5374be1c2b0c9e292fb05b339a513cf291cac86
  SimpleAnimation: 5430010b9548f392e7459290acce01c9ceba7171
  SnapKit: 97b92857e3df3a0c71833cce143274bf6ef8e5eb
  SwiftyJSON: 36413e04c44ee145039d332b4f4e2d3e8d6c4db7

PODFILE CHECKSUM: def34e9daa65517f6021dc555d6c2f97de936806

COCOAPODS: 1.9.0
