// !$*UTF8*$!
{
	archiveVersion = 1;
	classes = {
	};
	objectVersion = 46;
	objects = {

/* Begin PBXBuildFile section */
		6CB4E9A42236D48AE93A3C3B /* libPods-Jukebaux.a in Frameworks */ = {isa = PBXBuildFile; fileRef = F5F3BE49851B3087521CF917 /* libPods-Jukebaux.a */; };
		F5099BFD1E46D4D900963034 /* MediaPlayer.framework in Frameworks */ = {isa = PBXBuildFile; fileRef = F5099BFC1E46D4D900963034 /* MediaPlayer.framework */; };
		F510DC2A1ECCB8180088CE67 /* StoreKit.framework in Frameworks */ = {isa = PBXBuildFile; fileRef = F510DC291ECCB8180088CE67 /* StoreKit.framework */; };
		F510DC2C1ECCB9C60088CE67 /* PlayMusicHandler.swift in Sources */ = {isa = PBXBuildFile; fileRef = F510DC2B1ECCB9C60088CE67 /* PlayMusicHandler.swift */; };
		F51A62DE1E78D66700C03FBD /* LogInViewController.swift in Sources */ = {isa = PBXBuildFile; fileRef = F51A62DD1E78D66700C03FBD /* LogInViewController.swift */; };
		F534C6131ED0AFC000242C0D /* User.swift in Sources */ = {isa = PBXBuildFile; fileRef = F534C6121ED0AFC000242C0D /* User.swift */; };
		F5350FF71FEAD92000D9F56F /* ChangeSet.swift in Sources */ = {isa = PBXBuildFile; fileRef = F5350FF61FEAD92000D9F56F /* ChangeSet.swift */; };
		F5466C8D1FEDC03A00242E1D /* Extensions.swift in Sources */ = {isa = PBXBuildFile; fileRef = F5466C8C1FEDC03A00242E1D /* Extensions.swift */; };
		F567D3B61E8FA97A00615E91 /* GoogleService-Info.plist in Resources */ = {isa = PBXBuildFile; fileRef = F567D3B51E8FA97A00615E91 /* GoogleService-Info.plist */; };
		F57A635C1E37FAB600243461 /* AppDelegate.swift in Sources */ = {isa = PBXBuildFile; fileRef = F57A635B1E37FAB600243461 /* AppDelegate.swift */; };
		F57A63611E37FAB600243461 /* Main.storyboard in Resources */ = {isa = PBXBuildFile; fileRef = F57A635F1E37FAB600243461 /* Main.storyboard */; };
		F57A63631E37FAB600243461 /* Assets.xcassets in Resources */ = {isa = PBXBuildFile; fileRef = F57A63621E37FAB600243461 /* Assets.xcassets */; };
		F57A63661E37FAB600243461 /* LaunchScreen.storyboard in Resources */ = {isa = PBXBuildFile; fileRef = F57A63641E37FAB600243461 /* LaunchScreen.storyboard */; };
		F57A636E1E37FCE500243461 /* PartiesTableViewController.swift in Sources */ = {isa = PBXBuildFile; fileRef = F57A636D1E37FCE500243461 /* PartiesTableViewController.swift */; };
		F57A63701E37FECA00243461 /* JukebauxModel.swift in Sources */ = {isa = PBXBuildFile; fileRef = F57A636F1E37FECA00243461 /* JukebauxModel.swift */; };
		F5A8CF3D1E4500ED00FE17D7 /* AddAppleMusicViewController.swift in Sources */ = {isa = PBXBuildFile; fileRef = F5A8CF3C1E4500ED00FE17D7 /* AddAppleMusicViewController.swift */; };
		F5A8CF3F1E45106700FE17D7 /* SuggestedSongTableViewCell.swift in Sources */ = {isa = PBXBuildFile; fileRef = F5A8CF3E1E45106700FE17D7 /* SuggestedSongTableViewCell.swift */; };
		F5AA587B200FD8120067C6E5 /* LeftDrawerTableViewController.swift in Sources */ = {isa = PBXBuildFile; fileRef = F5AA587A200FD8120067C6E5 /* LeftDrawerTableViewController.swift */; };
		F5AE37D420C4B75600CC81C0 /* HostPartyViewController.swift in Sources */ = {isa = PBXBuildFile; fileRef = F5AE37D320C4B75500CC81C0 /* HostPartyViewController.swift */; };
		F5C706881E3BCA2F00524F34 /* PartyViewController.swift in Sources */ = {isa = PBXBuildFile; fileRef = F5C706871E3BCA2F00524F34 /* PartyViewController.swift */; };
		F5C7068A1E3BCA5800524F34 /* SongTableViewCell.swift in Sources */ = {isa = PBXBuildFile; fileRef = F5C706891E3BCA5800524F34 /* SongTableViewCell.swift */; };
		F5C7068C1E3BCA6B00524F34 /* PartyTableViewCell.swift in Sources */ = {isa = PBXBuildFile; fileRef = F5C7068B1E3BCA6B00524F34 /* PartyTableViewCell.swift */; };
		F5C7068E1E3C37CB00524F34 /* CreateAPartyViewController.swift in Sources */ = {isa = PBXBuildFile; fileRef = F5C7068D1E3C37CB00524F34 /* CreateAPartyViewController.swift */; };
		F5D760D71ED669B400845803 /* AddMusicLibraryViewController.swift in Sources */ = {isa = PBXBuildFile; fileRef = F5D760D61ED669B400845803 /* AddMusicLibraryViewController.swift */; };
		F5D760DB1ED8A5C400845803 /* ChatViewController.swift in Sources */ = {isa = PBXBuildFile; fileRef = F5D760DA1ED8A5C400845803 /* ChatViewController.swift */; };
		F5DEB0471E432157001E1480 /* Song.swift in Sources */ = {isa = PBXBuildFile; fileRef = F5DEB0461E432157001E1480 /* Song.swift */; };
		F5DEB0491E432177001E1480 /* Party.swift in Sources */ = {isa = PBXBuildFile; fileRef = F5DEB0481E432177001E1480 /* Party.swift */; };
		F5FF0ECA2023F9A500BA616F /* FirebaseChatViewController.swift in Sources */ = {isa = PBXBuildFile; fileRef = F5FF0EC92023F9A500BA616F /* FirebaseChatViewController.swift */; };
/* End PBXBuildFile section */

/* Begin PBXFileReference section */
		95FAAB416B053CF379D80622 /* Pods-Jukebaux.debug.xcconfig */ = {isa = PBXFileReference; includeInIndex = 1; lastKnownFileType = text.xcconfig; name = "Pods-Jukebaux.debug.xcconfig"; path = "Target Support Files/Pods-Jukebaux/Pods-Jukebaux.debug.xcconfig"; sourceTree = "<group>"; };
		D834A194916BC18287DEA398 /* Pods-Jukebaux.release.xcconfig */ = {isa = PBXFileReference; includeInIndex = 1; lastKnownFileType = text.xcconfig; name = "Pods-Jukebaux.release.xcconfig"; path = "Target Support Files/Pods-Jukebaux/Pods-Jukebaux.release.xcconfig"; sourceTree = "<group>"; };
		F5099BFC1E46D4D900963034 /* MediaPlayer.framework */ = {isa = PBXFileReference; lastKnownFileType = wrapper.framework; name = MediaPlayer.framework; path = System/Library/Frameworks/MediaPlayer.framework; sourceTree = SDKROOT; };
		F510DC291ECCB8180088CE67 /* StoreKit.framework */ = {isa = PBXFileReference; lastKnownFileType = wrapper.framework; name = StoreKit.framework; path = System/Library/Frameworks/StoreKit.framework; sourceTree = SDKROOT; };
		F510DC2B1ECCB9C60088CE67 /* PlayMusicHandler.swift */ = {isa = PBXFileReference; fileEncoding = 4; lastKnownFileType = sourcecode.swift; path = PlayMusicHandler.swift; sourceTree = "<group>"; };
		F51A62DD1E78D66700C03FBD /* LogInViewController.swift */ = {isa = PBXFileReference; fileEncoding = 4; lastKnownFileType = sourcecode.swift; path = LogInViewController.swift; sourceTree = "<group>"; };
		F5327CFB20CA554800BB1467 /* GradientImageView.swift */ = {isa = PBXFileReference; fileEncoding = 4; lastKnownFileType = sourcecode.swift; name = GradientImageView.swift; path = "../../../Hedge/Fundu/Hedge Alpha/fundü/Supporting Files/GradientImageView.swift"; sourceTree = "<group>"; };
		F534C6121ED0AFC000242C0D /* User.swift */ = {isa = PBXFileReference; fileEncoding = 4; lastKnownFileType = sourcecode.swift; path = User.swift; sourceTree = "<group>"; };
		F5350FF61FEAD92000D9F56F /* ChangeSet.swift */ = {isa = PBXFileReference; lastKnownFileType = sourcecode.swift; path = ChangeSet.swift; sourceTree = "<group>"; };
		F5466C8C1FEDC03A00242E1D /* Extensions.swift */ = {isa = PBXFileReference; lastKnownFileType = sourcecode.swift; path = Extensions.swift; sourceTree = "<group>"; };
		F567D3B51E8FA97A00615E91 /* GoogleService-Info.plist */ = {isa = PBXFileReference; fileEncoding = 4; lastKnownFileType = text.plist.xml; path = "GoogleService-Info.plist"; sourceTree = "<group>"; };
		F57A63581E37FAB600243461 /* Jukebaux.app */ = {isa = PBXFileReference; explicitFileType = wrapper.application; includeInIndex = 0; path = Jukebaux.app; sourceTree = BUILT_PRODUCTS_DIR; };
		F57A635B1E37FAB600243461 /* AppDelegate.swift */ = {isa = PBXFileReference; lastKnownFileType = sourcecode.swift; path = AppDelegate.swift; sourceTree = "<group>"; };
		F57A63601E37FAB600243461 /* Base */ = {isa = PBXFileReference; lastKnownFileType = file.storyboard; name = Base; path = Base.lproj/Main.storyboard; sourceTree = "<group>"; };
		F57A63621E37FAB600243461 /* Assets.xcassets */ = {isa = PBXFileReference; lastKnownFileType = folder.assetcatalog; path = Assets.xcassets; sourceTree = "<group>"; };
		F57A63651E37FAB600243461 /* Base */ = {isa = PBXFileReference; lastKnownFileType = file.storyboard; name = Base; path = Base.lproj/LaunchScreen.storyboard; sourceTree = "<group>"; };
		F57A63671E37FAB600243461 /* Info.plist */ = {isa = PBXFileReference; lastKnownFileType = text.plist.xml; path = Info.plist; sourceTree = "<group>"; };
		F57A636D1E37FCE500243461 /* PartiesTableViewController.swift */ = {isa = PBXFileReference; fileEncoding = 4; lastKnownFileType = sourcecode.swift; path = PartiesTableViewController.swift; sourceTree = "<group>"; };
		F57A636F1E37FECA00243461 /* JukebauxModel.swift */ = {isa = PBXFileReference; fileEncoding = 4; lastKnownFileType = sourcecode.swift; path = JukebauxModel.swift; sourceTree = "<group>"; };
		F58F0EAF2315F189002E82E2 /* BYU_Idaho.gpx */ = {isa = PBXFileReference; lastKnownFileType = text.xml; path = BYU_Idaho.gpx; sourceTree = "<group>"; };
		F5A8CF3C1E4500ED00FE17D7 /* AddAppleMusicViewController.swift */ = {isa = PBXFileReference; fileEncoding = 4; lastKnownFileType = sourcecode.swift; path = AddAppleMusicViewController.swift; sourceTree = "<group>"; };
		F5A8CF3E1E45106700FE17D7 /* SuggestedSongTableViewCell.swift */ = {isa = PBXFileReference; fileEncoding = 4; lastKnownFileType = sourcecode.swift; path = SuggestedSongTableViewCell.swift; sourceTree = "<group>"; };
		F5AA587A200FD8120067C6E5 /* LeftDrawerTableViewController.swift */ = {isa = PBXFileReference; lastKnownFileType = sourcecode.swift; path = LeftDrawerTableViewController.swift; sourceTree = "<group>"; };
		F5AE37D320C4B75500CC81C0 /* HostPartyViewController.swift */ = {isa = PBXFileReference; lastKnownFileType = sourcecode.swift; path = HostPartyViewController.swift; sourceTree = "<group>"; };
		F5C706871E3BCA2F00524F34 /* PartyViewController.swift */ = {isa = PBXFileReference; fileEncoding = 4; lastKnownFileType = sourcecode.swift; path = PartyViewController.swift; sourceTree = "<group>"; };
		F5C706891E3BCA5800524F34 /* SongTableViewCell.swift */ = {isa = PBXFileReference; fileEncoding = 4; lastKnownFileType = sourcecode.swift; path = SongTableViewCell.swift; sourceTree = "<group>"; };
		F5C7068B1E3BCA6B00524F34 /* PartyTableViewCell.swift */ = {isa = PBXFileReference; fileEncoding = 4; lastKnownFileType = sourcecode.swift; path = PartyTableViewCell.swift; sourceTree = "<group>"; };
		F5C7068D1E3C37CB00524F34 /* CreateAPartyViewController.swift */ = {isa = PBXFileReference; fileEncoding = 4; lastKnownFileType = sourcecode.swift; path = CreateAPartyViewController.swift; sourceTree = "<group>"; };
		F5CB29DB1FC6618E00114518 /* Shimmer-Bridging-Header.h */ = {isa = PBXFileReference; lastKnownFileType = sourcecode.c.h; path = "Shimmer-Bridging-Header.h"; sourceTree = "<group>"; };
		F5D760D61ED669B400845803 /* AddMusicLibraryViewController.swift */ = {isa = PBXFileReference; fileEncoding = 4; lastKnownFileType = sourcecode.swift; path = AddMusicLibraryViewController.swift; sourceTree = "<group>"; };
		F5D760DA1ED8A5C400845803 /* ChatViewController.swift */ = {isa = PBXFileReference; fileEncoding = 4; lastKnownFileType = sourcecode.swift; path = ChatViewController.swift; sourceTree = "<group>"; };
		F5DEB0461E432157001E1480 /* Song.swift */ = {isa = PBXFileReference; fileEncoding = 4; lastKnownFileType = sourcecode.swift; path = Song.swift; sourceTree = "<group>"; };
		F5DEB0481E432177001E1480 /* Party.swift */ = {isa = PBXFileReference; fileEncoding = 4; lastKnownFileType = sourcecode.swift; path = Party.swift; sourceTree = "<group>"; };
		F5F3BE49851B3087521CF917 /* libPods-Jukebaux.a */ = {isa = PBXFileReference; explicitFileType = archive.ar; includeInIndex = 0; path = "libPods-Jukebaux.a"; sourceTree = BUILT_PRODUCTS_DIR; };
		F5FF0EC92023F9A500BA616F /* FirebaseChatViewController.swift */ = {isa = PBXFileReference; lastKnownFileType = sourcecode.swift; path = FirebaseChatViewController.swift; sourceTree = "<group>"; };
/* End PBXFileReference section */

/* Begin PBXFrameworksBuildPhase section */
		F57A63551E37FAB600243461 /* Frameworks */ = {
			isa = PBXFrameworksBuildPhase;
			buildActionMask = 2147483647;
			files = (
				F510DC2A1ECCB8180088CE67 /* StoreKit.framework in Frameworks */,
				F5099BFD1E46D4D900963034 /* MediaPlayer.framework in Frameworks */,
				6CB4E9A42236D48AE93A3C3B /* libPods-Jukebaux.a in Frameworks */,
			);
			runOnlyForDeploymentPostprocessing = 0;
		};
/* End PBXFrameworksBuildPhase section */

/* Begin PBXGroup section */
		37E68CA11971E754B8B17D2D /* Pods */ = {
			isa = PBXGroup;
			children = (
				95FAAB416B053CF379D80622 /* Pods-Jukebaux.debug.xcconfig */,
				D834A194916BC18287DEA398 /* Pods-Jukebaux.release.xcconfig */,
			);
			name = Pods;
			path = Pods;
			sourceTree = "<group>";
		};
		F5483E759D0BFB3969D5E47E /* Frameworks */ = {
			isa = PBXGroup;
			children = (
				F510DC291ECCB8180088CE67 /* StoreKit.framework */,
				F5099BFC1E46D4D900963034 /* MediaPlayer.framework */,
				F5F3BE49851B3087521CF917 /* libPods-Jukebaux.a */,
			);
			name = Frameworks;
			sourceTree = "<group>";
		};
		F55379221E45645100252B78 /* Model */ = {
			isa = PBXGroup;
			children = (
				F57A636F1E37FECA00243461 /* JukebauxModel.swift */,
				F5DEB0481E432177001E1480 /* Party.swift */,
				F5DEB0461E432157001E1480 /* Song.swift */,
				F5350FF61FEAD92000D9F56F /* ChangeSet.swift */,
				F5466C8C1FEDC03A00242E1D /* Extensions.swift */,
				F510DC2B1ECCB9C60088CE67 /* PlayMusicHandler.swift */,
				F534C6121ED0AFC000242C0D /* User.swift */,
			);
			name = Model;
			sourceTree = "<group>";
		};
		F55379231E45645900252B78 /* View */ = {
			isa = PBXGroup;
			children = (
				F57A635F1E37FAB600243461 /* Main.storyboard */,
				F5327CFB20CA554800BB1467 /* GradientImageView.swift */,
			);
			name = View;
			sourceTree = "<group>";
		};
		F55379241E45646D00252B78 /* Controller */ = {
			isa = PBXGroup;
			children = (
				F51A62DD1E78D66700C03FBD /* LogInViewController.swift */,
				F5AA587A200FD8120067C6E5 /* LeftDrawerTableViewController.swift */,
				F57A636D1E37FCE500243461 /* PartiesTableViewController.swift */,
				F5AE37D320C4B75500CC81C0 /* HostPartyViewController.swift */,
				F5D760D61ED669B400845803 /* AddMusicLibraryViewController.swift */,
				F5A8CF3C1E4500ED00FE17D7 /* AddAppleMusicViewController.swift */,
				F5A8CF3E1E45106700FE17D7 /* SuggestedSongTableViewCell.swift */,
				F5C706871E3BCA2F00524F34 /* PartyViewController.swift */,
				F5C706891E3BCA5800524F34 /* SongTableViewCell.swift */,
				F5C7068B1E3BCA6B00524F34 /* PartyTableViewCell.swift */,
				F5879D83214F6B0B003EF74D /* Not in Use View Controllers */,
			);
			name = Controller;
			sourceTree = "<group>";
		};
		F57A634F1E37FAB600243461 = {
			isa = PBXGroup;
			children = (
				F58F0EAF2315F189002E82E2 /* BYU_Idaho.gpx */,
				F5CB29DB1FC6618E00114518 /* Shimmer-Bridging-Header.h */,
				F57A635A1E37FAB600243461 /* Jukebaux */,
				F57A63591E37FAB600243461 /* Products */,
				F5483E759D0BFB3969D5E47E /* Frameworks */,
				37E68CA11971E754B8B17D2D /* Pods */,
			);
			sourceTree = "<group>";
		};
		F57A63591E37FAB600243461 /* Products */ = {
			isa = PBXGroup;
			children = (
				F57A63581E37FAB600243461 /* Jukebaux.app */,
			);
			name = Products;
			sourceTree = "<group>";
		};
		F57A635A1E37FAB600243461 /* Jukebaux */ = {
			isa = PBXGroup;
			children = (
				F567D3B51E8FA97A00615E91 /* GoogleService-Info.plist */,
				F57A635B1E37FAB600243461 /* AppDelegate.swift */,
				F55379231E45645900252B78 /* View */,
				F55379221E45645100252B78 /* Model */,
				F55379241E45646D00252B78 /* Controller */,
				F57A63621E37FAB600243461 /* Assets.xcassets */,
				F57A63641E37FAB600243461 /* LaunchScreen.storyboard */,
				F57A63671E37FAB600243461 /* Info.plist */,
			);
			path = Jukebaux;
			sourceTree = "<group>";
		};
		F5879D83214F6B0B003EF74D /* Not in Use View Controllers */ = {
			isa = PBXGroup;
			children = (
				F5D760DA1ED8A5C400845803 /* ChatViewController.swift */,
				F5FF0EC92023F9A500BA616F /* FirebaseChatViewController.swift */,
				F5C7068D1E3C37CB00524F34 /* CreateAPartyViewController.swift */,
			);
			name = "Not in Use View Controllers";
			sourceTree = "<group>";
		};
/* End PBXGroup section */

/* Begin PBXNativeTarget section */
		F57A63571E37FAB600243461 /* Jukebaux */ = {
			isa = PBXNativeTarget;
			buildConfigurationList = F57A636A1E37FAB600243461 /* Build configuration list for PBXNativeTarget "Jukebaux" */;
			buildPhases = (
				ADD92246E63BA65932784A39 /* [CP] Check Pods Manifest.lock */,
				F57A63541E37FAB600243461 /* Sources */,
				F57A63551E37FAB600243461 /* Frameworks */,
				F57A63561E37FAB600243461 /* Resources */,
				6767798B18A4EBB61CC6FF09 /* [CP] Copy Pods Resources */,
			);
			buildRules = (
			);
			dependencies = (
			);
			name = Jukebaux;
			productName = TroJams;
			productReference = F57A63581E37FAB600243461 /* Jukebaux.app */;
			productType = "com.apple.product-type.application";
		};
/* End PBXNativeTarget section */

/* Begin PBXProject section */
		F57A63501E37FAB600243461 /* Project object */ = {
			isa = PBXProject;
			attributes = {
				LastSwiftUpdateCheck = 0820;
				LastUpgradeCheck = 0820;
				ORGANIZATIONNAME = "Adam's Apps";
				TargetAttributes = {
					F57A63571E37FAB600243461 = {
						CreatedOnToolsVersion = 8.2.1;
						DevelopmentTeam = 53XJF988U2;
						ProvisioningStyle = Automatic;
						SystemCapabilities = {
							com.apple.BackgroundModes = {
								enabled = 1;
							};
						};
					};
				};
			};
			buildConfigurationList = F57A63531E37FAB600243461 /* Build configuration list for PBXProject "Jukebaux" */;
			compatibilityVersion = "Xcode 3.2";
			developmentRegion = English;
			hasScannedForEncodings = 0;
			knownRegions = (
				English,
				en,
				Base,
			);
			mainGroup = F57A634F1E37FAB600243461;
			productRefGroup = F57A63591E37FAB600243461 /* Products */;
			projectDirPath = "";
			projectRoot = "";
			targets = (
				F57A63571E37FAB600243461 /* Jukebaux */,
			);
		};
/* End PBXProject section */

/* Begin PBXResourcesBuildPhase section */
		F57A63561E37FAB600243461 /* Resources */ = {
			isa = PBXResourcesBuildPhase;
			buildActionMask = 2147483647;
			files = (
				F57A63661E37FAB600243461 /* LaunchScreen.storyboard in Resources */,
				F567D3B61E8FA97A00615E91 /* GoogleService-Info.plist in Resources */,
				F57A63631E37FAB600243461 /* Assets.xcassets in Resources */,
				F57A63611E37FAB600243461 /* Main.storyboard in Resources */,
			);
			runOnlyForDeploymentPostprocessing = 0;
		};
/* End PBXResourcesBuildPhase section */

/* Begin PBXShellScriptBuildPhase section */
		6767798B18A4EBB61CC6FF09 /* [CP] Copy Pods Resources */ = {
			isa = PBXShellScriptBuildPhase;
			buildActionMask = 2147483647;
			files = (
			);
			inputPaths = (
				"${PODS_ROOT}/Target Support Files/Pods-Jukebaux/Pods-Jukebaux-resources.sh",
				"${PODS_ROOT}/GoogleSignIn/Resources/GoogleSignIn.bundle",
				"${PODS_ROOT}/JSQMessagesViewController/JSQMessagesViewController/Assets/JSQMessagesAssets.bundle",
				"${PODS_ROOT}/JSQMessagesViewController/JSQMessagesViewController/Controllers/JSQMessagesViewController.xib",
				"${PODS_ROOT}/JSQMessagesViewController/JSQMessagesViewController/Views/JSQMessagesCollectionViewCellIncoming.xib",
				"${PODS_ROOT}/JSQMessagesViewController/JSQMessagesViewController/Views/JSQMessagesCollectionViewCellOutgoing.xib",
				"${PODS_ROOT}/JSQMessagesViewController/JSQMessagesViewController/Views/JSQMessagesLoadEarlierHeaderView.xib",
				"${PODS_ROOT}/JSQMessagesViewController/JSQMessagesViewController/Views/JSQMessagesToolbarContentView.xib",
				"${PODS_ROOT}/JSQMessagesViewController/JSQMessagesViewController/Views/JSQMessagesTypingIndicatorFooterView.xib",
			);
			name = "[CP] Copy Pods Resources";
			outputPaths = (
				"${TARGET_BUILD_DIR}/${UNLOCALIZED_RESOURCES_FOLDER_PATH}/GoogleSignIn.bundle",
				"${TARGET_BUILD_DIR}/${UNLOCALIZED_RESOURCES_FOLDER_PATH}/JSQMessagesAssets.bundle",
				"${TARGET_BUILD_DIR}/${UNLOCALIZED_RESOURCES_FOLDER_PATH}/JSQMessagesViewController.nib",
				"${TARGET_BUILD_DIR}/${UNLOCALIZED_RESOURCES_FOLDER_PATH}/JSQMessagesCollectionViewCellIncoming.nib",
				"${TARGET_BUILD_DIR}/${UNLOCALIZED_RESOURCES_FOLDER_PATH}/JSQMessagesCollectionViewCellOutgoing.nib",
				"${TARGET_BUILD_DIR}/${UNLOCALIZED_RESOURCES_FOLDER_PATH}/JSQMessagesLoadEarlierHeaderView.nib",
				"${TARGET_BUILD_DIR}/${UNLOCALIZED_RESOURCES_FOLDER_PATH}/JSQMessagesToolbarContentView.nib",
				"${TARGET_BUILD_DIR}/${UNLOCALIZED_RESOURCES_FOLDER_PATH}/JSQMessagesTypingIndicatorFooterView.nib",
			);
			runOnlyForDeploymentPostprocessing = 0;
			shellPath = /bin/sh;
			shellScript = "\"${PODS_ROOT}/Target Support Files/Pods-Jukebaux/Pods-Jukebaux-resources.sh\"\n";
			showEnvVarsInLog = 0;
		};
		ADD92246E63BA65932784A39 /* [CP] Check Pods Manifest.lock */ = {
			isa = PBXShellScriptBuildPhase;
			buildActionMask = 2147483647;
			files = (
			);
			inputFileListPaths = (
			);
			inputPaths = (
				"${PODS_PODFILE_DIR_PATH}/Podfile.lock",
				"${PODS_ROOT}/Manifest.lock",
			);
			name = "[CP] Check Pods Manifest.lock";
			outputFileListPaths = (
			);
			outputPaths = (
				"$(DERIVED_FILE_DIR)/Pods-Jukebaux-checkManifestLockResult.txt",
			);
			runOnlyForDeploymentPostprocessing = 0;
			shellPath = /bin/sh;
			shellScript = "diff \"${PODS_PODFILE_DIR_PATH}/Podfile.lock\" \"${PODS_ROOT}/Manifest.lock\" > /dev/null\nif [ $? != 0 ] ; then\n    # print error to STDERR\n    echo \"error: The sandbox is not in sync with the Podfile.lock. Run 'pod install' or update your CocoaPods installation.\" >&2\n    exit 1\nfi\n# This output is used by Xcode 'outputs' to avoid re-running this script phase.\necho \"SUCCESS\" > \"${SCRIPT_OUTPUT_FILE_0}\"\n";
			showEnvVarsInLog = 0;
		};
/* End PBXShellScriptBuildPhase section */

/* Begin PBXSourcesBuildPhase section */
		F57A63541E37FAB600243461 /* Sources */ = {
			isa = PBXSourcesBuildPhase;
			buildActionMask = 2147483647;
			files = (
				F5C7068A1E3BCA5800524F34 /* SongTableViewCell.swift in Sources */,
				F5DEB0491E432177001E1480 /* Party.swift in Sources */,
				F57A636E1E37FCE500243461 /* PartiesTableViewController.swift in Sources */,
				F5A8CF3F1E45106700FE17D7 /* SuggestedSongTableViewCell.swift in Sources */,
				F5A8CF3D1E4500ED00FE17D7 /* AddAppleMusicViewController.swift in Sources */,
				F5AA587B200FD8120067C6E5 /* LeftDrawerTableViewController.swift in Sources */,
				F57A63701E37FECA00243461 /* JukebauxModel.swift in Sources */,
				F534C6131ED0AFC000242C0D /* User.swift in Sources */,
				F5466C8D1FEDC03A00242E1D /* Extensions.swift in Sources */,
				F5D760D71ED669B400845803 /* AddMusicLibraryViewController.swift in Sources */,
				F5AE37D420C4B75600CC81C0 /* HostPartyViewController.swift in Sources */,
				F5C7068C1E3BCA6B00524F34 /* PartyTableViewCell.swift in Sources */,
				F5DEB0471E432157001E1480 /* Song.swift in Sources */,
				F5350FF71FEAD92000D9F56F /* ChangeSet.swift in Sources */,
				F51A62DE1E78D66700C03FBD /* LogInViewController.swift in Sources */,
				F5FF0ECA2023F9A500BA616F /* FirebaseChatViewController.swift in Sources */,
				F5D760DB1ED8A5C400845803 /* ChatViewController.swift in Sources */,
				F57A635C1E37FAB600243461 /* AppDelegate.swift in Sources */,
				F5C7068E1E3C37CB00524F34 /* CreateAPartyViewController.swift in Sources */,
				F510DC2C1ECCB9C60088CE67 /* PlayMusicHandler.swift in Sources */,
				F5C706881E3BCA2F00524F34 /* PartyViewController.swift in Sources */,
			);
			runOnlyForDeploymentPostprocessing = 0;
		};
/* End PBXSourcesBuildPhase section */

/* Begin PBXVariantGroup section */
		F57A635F1E37FAB600243461 /* Main.storyboard */ = {
			isa = PBXVariantGroup;
			children = (
				F57A63601E37FAB600243461 /* Base */,
			);
			name = Main.storyboard;
			sourceTree = "<group>";
		};
		F57A63641E37FAB600243461 /* LaunchScreen.storyboard */ = {
			isa = PBXVariantGroup;
			children = (
				F57A63651E37FAB600243461 /* Base */,
			);
			name = LaunchScreen.storyboard;
			sourceTree = "<group>";
		};
/* End PBXVariantGroup section */

/* Begin XCBuildConfiguration section */
		F57A63681E37FAB600243461 /* Debug */ = {
			isa = XCBuildConfiguration;
			buildSettings = {
				ALWAYS_SEARCH_USER_PATHS = NO;
				CLANG_ANALYZER_NONNULL = YES;
				CLANG_CXX_LANGUAGE_STANDARD = "gnu++0x";
				CLANG_CXX_LIBRARY = "libc++";
				CLANG_ENABLE_MODULES = YES;
				CLANG_ENABLE_OBJC_ARC = YES;
				CLANG_WARN_BOOL_CONVERSION = YES;
				CLANG_WARN_CONSTANT_CONVERSION = YES;
				CLANG_WARN_DIRECT_OBJC_ISA_USAGE = YES_ERROR;
				CLANG_WARN_DOCUMENTATION_COMMENTS = YES;
				CLANG_WARN_EMPTY_BODY = YES;
				CLANG_WARN_ENUM_CONVERSION = YES;
				CLANG_WARN_INFINITE_RECURSION = YES;
				CLANG_WARN_INT_CONVERSION = YES;
				CLANG_WARN_OBJC_ROOT_CLASS = YES_ERROR;
				CLANG_WARN_SUSPICIOUS_MOVE = YES;
				CLANG_WARN_UNREACHABLE_CODE = YES;
				CLANG_WARN__DUPLICATE_METHOD_MATCH = YES;
				CODE_SIGN_IDENTITY = "iPhone Developer";
				"CODE_SIGN_IDENTITY[sdk=iphoneos*]" = "iPhone Developer";
				COPY_PHASE_STRIP = NO;
				DEBUG_INFORMATION_FORMAT = dwarf;
				ENABLE_STRICT_OBJC_MSGSEND = YES;
				ENABLE_TESTABILITY = YES;
				GCC_C_LANGUAGE_STANDARD = gnu99;
				GCC_DYNAMIC_NO_PIC = NO;
				GCC_NO_COMMON_BLOCKS = YES;
				GCC_OPTIMIZATION_LEVEL = 0;
				GCC_PREPROCESSOR_DEFINITIONS = (
					"DEBUG=1",
					"$(inherited)",
				);
				GCC_WARN_64_TO_32_BIT_CONVERSION = YES;
				GCC_WARN_ABOUT_RETURN_TYPE = YES_ERROR;
				GCC_WARN_UNDECLARED_SELECTOR = YES;
				GCC_WARN_UNINITIALIZED_AUTOS = YES_AGGRESSIVE;
				GCC_WARN_UNUSED_FUNCTION = YES;
				GCC_WARN_UNUSED_VARIABLE = YES;
				IPHONEOS_DEPLOYMENT_TARGET = 10.2;
				MTL_ENABLE_DEBUG_INFO = YES;
				ONLY_ACTIVE_ARCH = YES;
				SDKROOT = iphoneos;
				SWIFT_ACTIVE_COMPILATION_CONDITIONS = DEBUG;
				SWIFT_OBJC_BRIDGING_HEADER = "Shimmer-Bridging-Header.h";
				SWIFT_OPTIMIZATION_LEVEL = "-Onone";
			};
			name = Debug;
		};
		F57A63691E37FAB600243461 /* Release */ = {
			isa = XCBuildConfiguration;
			buildSettings = {
				ALWAYS_SEARCH_USER_PATHS = NO;
				CLANG_ANALYZER_NONNULL = YES;
				CLANG_CXX_LANGUAGE_STANDARD = "gnu++0x";
				CLANG_CXX_LIBRARY = "libc++";
				CLANG_ENABLE_MODULES = YES;
				CLANG_ENABLE_OBJC_ARC = YES;
				CLANG_WARN_BOOL_CONVERSION = YES;
				CLANG_WARN_CONSTANT_CONVERSION = YES;
				CLANG_WARN_DIRECT_OBJC_ISA_USAGE = YES_ERROR;
				CLANG_WARN_DOCUMENTATION_COMMENTS = YES;
				CLANG_WARN_EMPTY_BODY = YES;
				CLANG_WARN_ENUM_CONVERSION = YES;
				CLANG_WARN_INFINITE_RECURSION = YES;
				CLANG_WARN_INT_CONVERSION = YES;
				CLANG_WARN_OBJC_ROOT_CLASS = YES_ERROR;
				CLANG_WARN_SUSPICIOUS_MOVE = YES;
				CLANG_WARN_UNREACHABLE_CODE = YES;
				CLANG_WARN__DUPLICATE_METHOD_MATCH = YES;
				CODE_SIGN_IDENTITY = "iPhone Developer";
				"CODE_SIGN_IDENTITY[sdk=iphoneos*]" = "iPhone Developer";
				COPY_PHASE_STRIP = NO;
				DEBUG_INFORMATION_FORMAT = "dwarf-with-dsym";
				ENABLE_NS_ASSERTIONS = NO;
				ENABLE_STRICT_OBJC_MSGSEND = YES;
				GCC_C_LANGUAGE_STANDARD = gnu99;
				GCC_NO_COMMON_BLOCKS = YES;
				GCC_WARN_64_TO_32_BIT_CONVERSION = YES;
				GCC_WARN_ABOUT_RETURN_TYPE = YES_ERROR;
				GCC_WARN_UNDECLARED_SELECTOR = YES;
				GCC_WARN_UNINITIALIZED_AUTOS = YES_AGGRESSIVE;
				GCC_WARN_UNUSED_FUNCTION = YES;
				GCC_WARN_UNUSED_VARIABLE = YES;
				IPHONEOS_DEPLOYMENT_TARGET = 10.2;
				MTL_ENABLE_DEBUG_INFO = NO;
				SDKROOT = iphoneos;
				SWIFT_OBJC_BRIDGING_HEADER = "Shimmer-Bridging-Header.h";
				SWIFT_OPTIMIZATION_LEVEL = "-Owholemodule";
				VALIDATE_PRODUCT = YES;
			};
			name = Release;
		};
		F57A636B1E37FAB600243461 /* Debug */ = {
			isa = XCBuildConfiguration;
			baseConfigurationReference = 95FAAB416B053CF379D80622 /* Pods-Jukebaux.debug.xcconfig */;
			buildSettings = {
				CODE_SIGN_IDENTITY = "iPhone Developer";
				DEVELOPMENT_TEAM = 53XJF988U2;
				INFOPLIST_FILE = "$(SRCROOT)/Jukebaux/Info.plist";
				LD_RUNPATH_SEARCH_PATHS = "$(inherited) @executable_path/Frameworks";
				ONLY_ACTIVE_ARCH = YES;
				PRODUCT_BUNDLE_IDENTIFIER = com.AdamsApps.TroJams;
				PRODUCT_MODULE_NAME = "$(PRODUCT_NAME:c99extidentifier)";
				PRODUCT_NAME = "$(TARGET_NAME)";
				SWIFT_OBJC_BRIDGING_HEADER = "";
				SWIFT_VERSION = 4.0;
				VALID_ARCHS = "armv7 armv7s arm64";
			};
			name = Debug;
		};
		F57A636C1E37FAB600243461 /* Release */ = {
			isa = XCBuildConfiguration;
			baseConfigurationReference = D834A194916BC18287DEA398 /* Pods-Jukebaux.release.xcconfig */;
			buildSettings = {
				CODE_SIGN_IDENTITY = "iPhone Developer";
				DEVELOPMENT_TEAM = 53XJF988U2;
				INFOPLIST_FILE = "$(SRCROOT)/Jukebaux/Info.plist";
				LD_RUNPATH_SEARCH_PATHS = "$(inherited) @executable_path/Frameworks";
				PRODUCT_BUNDLE_IDENTIFIER = com.AdamsApps.TroJams;
				PRODUCT_MODULE_NAME = "$(PRODUCT_NAME:c99extidentifier)";
				PRODUCT_NAME = "$(TARGET_NAME)";
				SWIFT_OBJC_BRIDGING_HEADER = "";
				SWIFT_VERSION = 4.0;
				VALID_ARCHS = "armv7 armv7s arm64";
			};
			name = Release;
		};
/* End XCBuildConfiguration section */

/* Begin XCConfigurationList section */
		F57A63531E37FAB600243461 /* Build configuration list for PBXProject "Jukebaux" */ = {
			isa = XCConfigurationList;
			buildConfigurations = (
				F57A63681E37FAB600243461 /* Debug */,
				F57A63691E37FAB600243461 /* Release */,
			);
			defaultConfigurationIsVisible = 0;
			defaultConfigurationName = Release;
		};
		F57A636A1E37FAB600243461 /* Build configuration list for PBXNativeTarget "Jukebaux" */ = {
			isa = XCConfigurationList;
			buildConfigurations = (
				F57A636B1E37FAB600243461 /* Debug */,
				F57A636C1E37FAB600243461 /* Release */,
			);
			defaultConfigurationIsVisible = 0;
			defaultConfigurationName = Release;
		};
/* End XCConfigurationList section */
	};
	rootObject = F57A63501E37FAB600243461 /* Project object */;
}
